<?xml version="1.0" encoding="UTF-8"?>
<CodeBlocks_project_file>
	<FileVersion major="1" minor="6"/>
	<Project>
		<Option title="CWebServer"/>
		<Option makefile_is_custom="1"/>
		<Option compiler="gcc"/>
		<Option virtualFolders="CMake Files\;"/>
		<Build>
			<Target title="all">
				<Option working_dir="/home/zlx/c_projects/OSLab/CWebServer"/>
				<Option type="4"/>
				<MakeCommands>
					<Build command="/usr/bin/make -f &quot;/home/zlx/c_projects/OSLab/CWebServer/Makefile&quot;  VERBOSE=1 all"/>
					<CompileFile command="/usr/bin/make -f &quot;/home/zlx/c_projects/OSLab/CWebServer/Makefile&quot;  VERBOSE=1 &quot;$file&quot;"/>
					<Clean command="/usr/bin/make -f &quot;/home/zlx/c_projects/OSLab/CWebServer/Makefile&quot;  VERBOSE=1 clean"/>
					<DistClean command="/usr/bin/make -f &quot;/home/zlx/c_projects/OSLab/CWebServer/Makefile&quot;  VERBOSE=1 clean"/>
				</MakeCommands>
			</Target>
			<Target title="rebuild_cache">
				<Option working_dir="/home/zlx/c_projects/OSLab/CWebServer"/>
				<Option type="4"/>
				<MakeCommands>
					<Build command="/usr/bin/make -f &quot;/home/zlx/c_projects/OSLab/CWebServer/Makefile&quot;  VERBOSE=1 rebuild_cache"/>
					<CompileFile command="/usr/bin/make -f &quot;/home/zlx/c_projects/OSLab/CWebServer/Makefile&quot;  VERBOSE=1 &quot;$file&quot;"/>
					<Clean command="/usr/bin/make -f &quot;/home/zlx/c_projects/OSLab/CWebServer/Makefile&quot;  VERBOSE=1 clean"/>
					<DistClean command="/usr/bin/make -f &quot;/home/zlx/c_projects/OSLab/CWebServer/Makefile&quot;  VERBOSE=1 clean"/>
				</MakeCommands>
			</Target>
			<Target title="httpserverp">
				<Option output="/home/zlx/c_projects/OSLab/CWebServer/httpserverp" prefix_auto="0" extension_auto="0"/>
				<Option working_dir="/home/zlx/c_projects/OSLab/CWebServer"/>
				<Option object_output="./"/>
				<Option type="1"/>
				<Option compiler="gcc"/>
				<Compiler>
					<Add directory="/home/zlx/c_projects/OSLab/CWebServer/."/>
				</Compiler>
				<MakeCommands>
					<Build command="/usr/bin/make -f &quot;/home/zlx/c_projects/OSLab/CWebServer/Makefile&quot;  VERBOSE=1 httpserverp"/>
					<CompileFile command="/usr/bin/make -f &quot;/home/zlx/c_projects/OSLab/CWebServer/Makefile&quot;  VERBOSE=1 &quot;$file&quot;"/>
					<Clean command="/usr/bin/make -f &quot;/home/zlx/c_projects/OSLab/CWebServer/Makefile&quot;  VERBOSE=1 clean"/>
					<DistClean command="/usr/bin/make -f &quot;/home/zlx/c_projects/OSLab/CWebServer/Makefile&quot;  VERBOSE=1 clean"/>
				</MakeCommands>
			</Target>
			<Target title="httpserverp/fast">
				<Option output="/home/zlx/c_projects/OSLab/CWebServer/httpserverp" prefix_auto="0" extension_auto="0"/>
				<Option working_dir="/home/zlx/c_projects/OSLab/CWebServer"/>
				<Option object_output="./"/>
				<Option type="1"/>
				<Option compiler="gcc"/>
				<Compiler>
					<Add directory="/home/zlx/c_projects/OSLab/CWebServer/."/>
				</Compiler>
				<MakeCommands>
					<Build command="/usr/bin/make -f &quot;/home/zlx/c_projects/OSLab/CWebServer/Makefile&quot;  VERBOSE=1 httpserverp/fast"/>
					<CompileFile command="/usr/bin/make -f &quot;/home/zlx/c_projects/OSLab/CWebServer/Makefile&quot;  VERBOSE=1 &quot;$file&quot;"/>
					<Clean command="/usr/bin/make -f &quot;/home/zlx/c_projects/OSLab/CWebServer/Makefile&quot;  VERBOSE=1 clean"/>
					<DistClean command="/usr/bin/make -f &quot;/home/zlx/c_projects/OSLab/CWebServer/Makefile&quot;  VERBOSE=1 clean"/>
				</MakeCommands>
			</Target>
			<Target title="httpservers">
				<Option output="/home/zlx/c_projects/OSLab/CWebServer/httpservers" prefix_auto="0" extension_auto="0"/>
				<Option working_dir="/home/zlx/c_projects/OSLab/CWebServer"/>
				<Option object_output="./"/>
				<Option type="1"/>
				<Option compiler="gcc"/>
				<Compiler>
					<Add directory="/home/zlx/c_projects/OSLab/CWebServer/."/>
				</Compiler>
				<MakeCommands>
					<Build command="/usr/bin/make -f &quot;/home/zlx/c_projects/OSLab/CWebServer/Makefile&quot;  VERBOSE=1 httpservers"/>
					<CompileFile command="/usr/bin/make -f &quot;/home/zlx/c_projects/OSLab/CWebServer/Makefile&quot;  VERBOSE=1 &quot;$file&quot;"/>
					<Clean command="/usr/bin/make -f &quot;/home/zlx/c_projects/OSLab/CWebServer/Makefile&quot;  VERBOSE=1 clean"/>
					<DistClean command="/usr/bin/make -f &quot;/home/zlx/c_projects/OSLab/CWebServer/Makefile&quot;  VERBOSE=1 clean"/>
				</MakeCommands>
			</Target>
			<Target title="httpservers/fast">
				<Option output="/home/zlx/c_projects/OSLab/CWebServer/httpservers" prefix_auto="0" extension_auto="0"/>
				<Option working_dir="/home/zlx/c_projects/OSLab/CWebServer"/>
				<Option object_output="./"/>
				<Option type="1"/>
				<Option compiler="gcc"/>
				<Compiler>
					<Add directory="/home/zlx/c_projects/OSLab/CWebServer/."/>
				</Compiler>
				<MakeCommands>
					<Build command="/usr/bin/make -f &quot;/home/zlx/c_projects/OSLab/CWebServer/Makefile&quot;  VERBOSE=1 httpservers/fast"/>
					<CompileFile command="/usr/bin/make -f &quot;/home/zlx/c_projects/OSLab/CWebServer/Makefile&quot;  VERBOSE=1 &quot;$file&quot;"/>
					<Clean command="/usr/bin/make -f &quot;/home/zlx/c_projects/OSLab/CWebServer/Makefile&quot;  VERBOSE=1 clean"/>
					<DistClean command="/usr/bin/make -f &quot;/home/zlx/c_projects/OSLab/CWebServer/Makefile&quot;  VERBOSE=1 clean"/>
				</MakeCommands>
			</Target>
			<Target title="httpservert">
				<Option output="/home/zlx/c_projects/OSLab/CWebServer/httpservert" prefix_auto="0" extension_auto="0"/>
				<Option working_dir="/home/zlx/c_projects/OSLab/CWebServer"/>
				<Option object_output="./"/>
				<Option type="1"/>
				<Option compiler="gcc"/>
				<Compiler>
					<Add directory="/home/zlx/c_projects/OSLab/CWebServer/."/>
				</Compiler>
				<MakeCommands>
					<Build command="/usr/bin/make -f &quot;/home/zlx/c_projects/OSLab/CWebServer/Makefile&quot;  VERBOSE=1 httpservert"/>
					<CompileFile command="/usr/bin/make -f &quot;/home/zlx/c_projects/OSLab/CWebServer/Makefile&quot;  VERBOSE=1 &quot;$file&quot;"/>
					<Clean command="/usr/bin/make -f &quot;/home/zlx/c_projects/OSLab/CWebServer/Makefile&quot;  VERBOSE=1 clean"/>
					<DistClean command="/usr/bin/make -f &quot;/home/zlx/c_projects/OSLab/CWebServer/Makefile&quot;  VERBOSE=1 clean"/>
				</MakeCommands>
			</Target>
			<Target title="httpservert/fast">
				<Option output="/home/zlx/c_projects/OSLab/CWebServer/httpservert" prefix_auto="0" extension_auto="0"/>
				<Option working_dir="/home/zlx/c_projects/OSLab/CWebServer"/>
				<Option object_output="./"/>
				<Option type="1"/>
				<Option compiler="gcc"/>
				<Compiler>
					<Add directory="/home/zlx/c_projects/OSLab/CWebServer/."/>
				</Compiler>
				<MakeCommands>
					<Build command="/usr/bin/make -f &quot;/home/zlx/c_projects/OSLab/CWebServer/Makefile&quot;  VERBOSE=1 httpservert/fast"/>
					<CompileFile command="/usr/bin/make -f &quot;/home/zlx/c_projects/OSLab/CWebServer/Makefile&quot;  VERBOSE=1 &quot;$file&quot;"/>
					<Clean command="/usr/bin/make -f &quot;/home/zlx/c_projects/OSLab/CWebServer/Makefile&quot;  VERBOSE=1 clean"/>
					<DistClean command="/usr/bin/make -f &quot;/home/zlx/c_projects/OSLab/CWebServer/Makefile&quot;  VERBOSE=1 clean"/>
				</MakeCommands>
			</Target>
			<Target title="edit_cache">
				<Option working_dir="/home/zlx/c_projects/OSLab/CWebServer"/>
				<Option type="4"/>
				<MakeCommands>
					<Build command="/usr/bin/make -f &quot;/home/zlx/c_projects/OSLab/CWebServer/Makefile&quot;  VERBOSE=1 edit_cache"/>
					<CompileFile command="/usr/bin/make -f &quot;/home/zlx/c_projects/OSLab/CWebServer/Makefile&quot;  VERBOSE=1 &quot;$file&quot;"/>
					<Clean command="/usr/bin/make -f &quot;/home/zlx/c_projects/OSLab/CWebServer/Makefile&quot;  VERBOSE=1 clean"/>
					<DistClean command="/usr/bin/make -f &quot;/home/zlx/c_projects/OSLab/CWebServer/Makefile&quot;  VERBOSE=1 clean"/>
				</MakeCommands>
			</Target>
		</Build>
		<Unit filename="/home/zlx/c_projects/OSLab/CWebServer/httpserverp.c">
			<Option target="httpserverp"/>
		</Unit>
		<Unit filename="/home/zlx/c_projects/OSLab/CWebServer/httpservers.c">
			<Option target="httpservers"/>
		</Unit>
		<Unit filename="/home/zlx/c_projects/OSLab/CWebServer/httpservert.c">
			<Option target="httpservert"/>
		</Unit>
		<Unit filename="/home/zlx/c_projects/OSLab/CWebServer/wrap.c">
			<Option target="httpserverp"/>
			<Option target="httpservers"/>
			<Option target="httpservert"/>
		</Unit>
		<Unit filename="/home/zlx/c_projects/OSLab/CWebServer/wrap.h">
			<Option target="httpserverp"/>
			<Option target="httpservers"/>
			<Option target="httpservert"/>
		</Unit>
		<Unit filename="/home/zlx/c_projects/OSLab/CWebServer/CMakeLists.txt">
			<Option virtualFolder="CMake Files\"/>
		</Unit>
	</Project>
</CodeBlocks_project_file>
